
Microsoft Visual Studio Solution File, Format Version 12.00
# Visual Studio Version 16
VisualStudioVersion = 16.0.29403.142
MinimumVisualStudioVersion = 10.0.40219.1
Project("{FAE04EC0-301F-11D3-BF4B-00C04F79EFBC}") = "AsyncSocketServer.UWP", "AsyncSocketServer.UWP\AsyncSocketServer.UWP.csproj", "{EAE364E2-9FD5-4BCF-BC30-FC0BC66650FF}"
EndProject
Project("{FAE04EC0-301F-11D3-BF4B-00C04F79EFBC}") = "AsyncSocketServer", "AsyncSocketServer\AsyncSocketServer.csproj", "{D65B94F3-9564-4BDC-8FF2-5C7B14114432}"
EndProject
Global
	GlobalSection(SolutionConfigurationPlatforms) = preSolution
		Debug|Any CPU = Debug|Any CPU
		Debug|ARM = Debug|ARM
		Debug|x64 = Debug|x64
		Debug|x86 = Debug|x86
		Release|Any CPU = Release|Any CPU
		Release|ARM = Release|ARM
		Release|x64 = Release|x64
		Release|x86 = Release|x86
	EndGlobalSection
	GlobalSection(ProjectConfigurationPlatforms) = postSolution
		{EAE364E2-9FD5-4BCF-BC30-FC0BC66650FF}.Debug|Any CPU.ActiveCfg = Debug|x86
		{EAE364E2-9FD5-4BCF-BC30-FC0BC66650FF}.Debug|Any CPU.Build.0 = Debug|x86
		{EAE364E2-9FD5-4BCF-BC30-FC0BC66650FF}.Debug|Any CPU.Deploy.0 = Debug|x86
		{EAE364E2-9FD5-4BCF-BC30-FC0BC66650FF}.Debug|ARM.ActiveCfg = Debug|ARM
		{EAE364E2-9FD5-4BCF-BC30-FC0BC66650FF}.Debug|ARM.Build.0 = Debug|ARM
		{EAE364E2-9FD5-4BCF-BC30-FC0BC66650FF}.Debug|ARM.Deploy.0 = Debug|ARM
		{EAE364E2-9FD5-4BCF-BC30-FC0BC66650FF}.Debug|x64.ActiveCfg = Debug|x64
		{EAE364E2-9FD5-4BCF-BC30-FC0BC66650FF}.Debug|x64.Build.0 = Debug|x64
		{EAE364E2-9FD5-4BCF-BC30-FC0BC66650FF}.Debug|x64.Deploy.0 = Debug|x64
		{EAE364E2-9FD5-4BCF-BC30-FC0BC66650FF}.Debug|x86.ActiveCfg = Debug|x86
		{EAE364E2-9FD5-4BCF-BC30-FC0BC66650FF}.Debug|x86.Build.0 = Debug|x86
		{EAE364E2-9FD5-4BCF-BC30-FC0BC66650FF}.Debug|x86.Deploy.0 = Debug|x86
		{EAE364E2-9FD5-4BCF-BC30-FC0BC66650FF}.Release|Any CPU.ActiveCfg = Release|x86
		{EAE364E2-9FD5-4BCF-BC30-FC0BC66650FF}.Release|Any CPU.Build.0 = Release|x86
		{EAE364E2-9FD5-4BCF-BC30-FC0BC66650FF}.Release|Any CPU.Deploy.0 = Release|x86
		{EAE364E2-9FD5-4BCF-BC30-FC0BC66650FF}.Release|ARM.ActiveCfg = Release|ARM
		{EAE364E2-9FD5-4BCF-BC30-FC0BC66650FF}.Release|ARM.Build.0 = Release|ARM
		{EAE364E2-9FD5-4BCF-BC30-FC0BC66650FF}.Release|ARM.Deploy.0 = Release|ARM
		{EAE364E2-9FD5-4BCF-BC30-FC0BC66650FF}.Release|x64.ActiveCfg = Release|x64
		{EAE364E2-9FD5-4BCF-BC30-FC0BC66650FF}.Release|x64.Build.0 = Release|x64
		{EAE364E2-9FD5-4BCF-BC30-FC0BC66650FF}.Release|x64.Deploy.0 = Release|x64
		{EAE364E2-9FD5-4BCF-BC30-FC0BC66650FF}.Release|x86.ActiveCfg = Release|x86
		{EAE364E2-9FD5-4BCF-BC30-FC0BC66650FF}.Release|x86.Build.0 = Release|x86
		{EAE364E2-9FD5-4BCF-BC30-FC0BC66650FF}.Release|x86.Deploy.0 = Release|x86
		{D65B94F3-9564-4BDC-8FF2-5C7B14114432}.Debug|Any CPU.ActiveCfg = Debug|Any CPU
		{D65B94F3-9564-4BDC-8FF2-5C7B14114432}.Debug|Any CPU.Build.0 = Debug|Any CPU
		{D65B94F3-9564-4BDC-8FF2-5C7B14114432}.Debug|Any CPU.Deploy.0 = Debug|Any CPU
		{D65B94F3-9564-4BDC-8FF2-5C7B14114432}.Debug|ARM.ActiveCfg = Debug|Any CPU
		{D65B94F3-9564-4BDC-8FF2-5C7B14114432}.Debug|ARM.Build.0 = Debug|Any CPU
		{D65B94F3-9564-4BDC-8FF2-5C7B14114432}.Debug|ARM.Deploy.0 = Debug|Any CPU
		{D65B94F3-9564-4BDC-8FF2-5C7B14114432}.Debug|x64.ActiveCfg = Debug|Any CPU
		{D65B94F3-9564-4BDC-8FF2-5C7B14114432}.Debug|x64.Build.0 = Debug|Any CPU
		{D65B94F3-9564-4BDC-8FF2-5C7B14114432}.Debug|x64.Deploy.0 = Debug|Any CPU
		{D65B94F3-9564-4BDC-8FF2-5C7B14114432}.Debug|x86.ActiveCfg = Debug|Any CPU
		{D65B94F3-9564-4BDC-8FF2-5C7B14114432}.Debug|x86.Build.0 = Debug|Any CPU
		{D65B94F3-9564-4BDC-8FF2-5C7B14114432}.Debug|x86.Deploy.0 = Debug|Any CPU
		{D65B94F3-9564-4BDC-8FF2-5C7B14114432}.Release|Any CPU.ActiveCfg = Release|Any CPU
		{D65B94F3-9564-4BDC-8FF2-5C7B14114432}.Release|Any CPU.Build.0 = Release|Any CPU
		{D65B94F3-9564-4BDC-8FF2-5C7B14114432}.Release|Any CPU.Deploy.0 = Release|Any CPU
		{D65B94F3-9564-4BDC-8FF2-5C7B14114432}.Release|ARM.ActiveCfg = Release|Any CPU
		{D65B94F3-9564-4BDC-8FF2-5C7B14114432}.Release|ARM.Build.0 = Release|Any CPU
		{D65B94F3-9564-4BDC-8FF2-5C7B14114432}.Release|ARM.Deploy.0 = Release|Any CPU
		{D65B94F3-9564-4BDC-8FF2-5C7B14114432}.Release|x64.ActiveCfg = Release|Any CPU
		{D65B94F3-9564-4BDC-8FF2-5C7B14114432}.Release|x64.Build.0 = Release|Any CPU
		{D65B94F3-9564-4BDC-8FF2-5C7B14114432}.Release|x64.Deploy.0 = Release|Any CPU
		{D65B94F3-9564-4BDC-8FF2-5C7B14114432}.Release|x86.ActiveCfg = Release|Any CPU
		{D65B94F3-9564-4BDC-8FF2-5C7B14114432}.Release|x86.Build.0 = Release|Any CPU
		{D65B94F3-9564-4BDC-8FF2-5C7B14114432}.Release|x86.Deploy.0 = Release|Any CPU
	EndGlobalSection
	GlobalSection(SolutionProperties) = preSolution
		HideSolutionNode = FALSE
	EndGlobalSection
	GlobalSection(ExtensibilityGlobals) = postSolution
		SolutionGuid = {A1D9B34E-4C85-4A2C-9773-A797F54ADAE1}
	EndGlobalSection
EndGlobal
